
Microsoft Visual Studio Solution File, Format Version 12.00
# Visual Studio Version 16
VisualStudioVersion = 16.0.32106.194
MinimumVisualStudioVersion = 10.0.40219.1
Project("{FAE04EC0-301F-11D3-BF4B-00C04F79EFBC}") = "ConsoleApp3", "ConsoleApp3\ConsoleApp3.csproj", "{45F445BF-C346-4049-B605-010B2BCAD720}"
EndProject
Global
	GlobalSection(SolutionConfigurationPlatforms) = preSolution
		Debug|Any CPU = Debug|Any CPU
		Release|Any CPU = Release|Any CPU
	EndGlobalSection
	GlobalSection(ProjectConfigurationPlatforms) = postSolution
		{45F445BF-C346-4049-B605-010B2BCAD720}.Debug|Any CPU.ActiveCfg = Debug|Any CPU
		{45F445BF-C346-4049-B605-010B2BCAD720}.Debug|Any CPU.Build.0 = Debug|Any CPU
		{45F445BF-C346-4049-B605-010B2BCAD720}.Release|Any CPU.ActiveCfg = Release|Any CPU
		{45F445BF-C346-4049-B605-010B2BCAD720}.Release|Any CPU.Build.0 = Release|Any CPU
	EndGlobalSection
	GlobalSection(SolutionProperties) = preSolution
		HideSolutionNode = FALSE
	EndGlobalSection
	GlobalSection(ExtensibilityGlobals) = postSolution
		SolutionGuid = {880396B2-29F4-40CD-8550-071144ECBE81}
	EndGlobalSection
EndGlobal
